
Microsoft Visual Studio Solution File, Format Version 12.00
# Visual Studio Version 16
VisualStudioVersion = 16.0.29728.190
MinimumVisualStudioVersion = 10.0.40219.1
Project("{FAE04EC0-301F-11D3-BF4B-00C04F79EFBC}") = "SWAPI", "SWAPI\SWAPI.csproj", "{DB086DA7-CA2D-4DD2-8028-74707705A50D}"
EndProject
Global
	GlobalSection(SolutionConfigurationPlatforms) = preSolution
		Debug|Any CPU = Debug|Any CPU
		Release|Any CPU = Release|Any CPU
	EndGlobalSection
	GlobalSection(ProjectConfigurationPlatforms) = postSolution
		{DB086DA7-CA2D-4DD2-8028-74707705A50D}.Debug|Any CPU.ActiveCfg = Debug|Any CPU
		{DB086DA7-CA2D-4DD2-8028-74707705A50D}.Debug|Any CPU.Build.0 = Debug|Any CPU
		{DB086DA7-CA2D-4DD2-8028-74707705A50D}.Release|Any CPU.ActiveCfg = Release|Any CPU
		{DB086DA7-CA2D-4DD2-8028-74707705A50D}.Release|Any CPU.Build.0 = Release|Any CPU
	EndGlobalSection
	GlobalSection(SolutionProperties) = preSolution
		HideSolutionNode = FALSE
	EndGlobalSection
	GlobalSection(ExtensibilityGlobals) = postSolution
		SolutionGuid = {FC20954F-A3BE-4715-9035-A36C0FFC3C9B}
	EndGlobalSection
EndGlobal
